<?xml version="1.0" encoding="UTF-8" standalone="yes" ?>
<CodeBlocks_project_file>
	<FileVersion major="1" minor="6" />
	<Project>
		<Option title="parcialLabo1Practica03Autos" />
		<Option pch_mode="2" />
		<Option compiler="gcc" />
		<Build>
			<Target title="Debug">
				<Option output="bin/Debug/parcialLabo1Practica03Autos" prefix_auto="1" extension_auto="1" />
				<Option object_output="obj/Debug/" />
				<Option type="1" />
				<Option compiler="gcc" />
				<Compiler>
					<Add option="-g" />
				</Compiler>
			</Target>
			<Target title="Release">
				<Option output="bin/Release/parcialLabo1Practica03Autos" prefix_auto="1" extension_auto="1" />
				<Option object_output="obj/Release/" />
				<Option type="1" />
				<Option compiler="gcc" />
				<Compiler>
					<Add option="-O2" />
				</Compiler>
				<Linker>
					<Add option="-s" />
				</Linker>
			</Target>
		</Build>
		<Compiler>
			<Add option="-Wall" />
		</Compiler>
		<Unit filename="fecha.c">
			<Option compilerVar="CC" />
		</Unit>
		<Unit filename="fecha.h" />
		<Unit filename="informes.c">
			<Option compilerVar="CC" />
		</Unit>
		<Unit filename="informes.h" />
		<Unit filename="main.c">
			<Option compilerVar="CC" />
		</Unit>
		<Unit filename="pAuto...c">
			<Option compilerVar="CC" />
		</Unit>
		<Unit filename="pAuto.h" />
		<Unit filename="pColor.c">
			<Option compilerVar="CC" />
		</Unit>
		<Unit filename="pColor.h" />
		<Unit filename="pMarca.c">
			<Option compilerVar="CC" />
		</Unit>
		<Unit filename="pMarca.h" />
		<Unit filename="pServicio.c">
			<Option compilerVar="CC" />
		</Unit>
		<Unit filename="pServicio.h" />
		<Unit filename="pTrabajo.c">
			<Option compilerVar="CC" />
		</Unit>
		<Unit filename="pTrabajo.h" />
		<Unit filename="pardo.c">
			<Option compilerVar="CC" />
		</Unit>
		<Unit filename="pardo.h" />
		<Unit filename="utn.c">
			<Option compilerVar="CC" />
		</Unit>
		<Unit filename="utn.h" />
		<Extensions />
	</Project>
</CodeBlocks_project_file>
